
Microsoft Visual Studio Solution File, Format Version 12.00
# Visual Studio 16
Project("{FAE04EC0-301F-11D3-BF4B-00C04F79EFBC}") = "Assembly-CSharp", "Assembly-CSharp.csproj", "{3586A56C-3701-FD41-A0FF-BA373FA6AFF3}"
EndProject
Project("{FAE04EC0-301F-11D3-BF4B-00C04F79EFBC}") = "Oculus.VR", "Oculus.VR.csproj", "{1BDF818B-DB8E-1030-C3A6-1316926BAE96}"
EndProject
Project("{FAE04EC0-301F-11D3-BF4B-00C04F79EFBC}") = "Assembly-CSharp-Editor", "Assembly-CSharp-Editor.csproj", "{0C137C72-7ACB-680E-7685-BD386537F06A}"
EndProject
Project("{FAE04EC0-301F-11D3-BF4B-00C04F79EFBC}") = "Oculus.VR.Scripts.Editor", "Oculus.VR.Scripts.Editor.csproj", "{74228995-E150-8DF0-3434-172C95C6EC84}"
EndProject
Project("{FAE04EC0-301F-11D3-BF4B-00C04F79EFBC}") = "Oculus.VR.Editor", "Oculus.VR.Editor.csproj", "{8A4277AA-209D-E30C-4943-D382699A1844}"
EndProject
Global
	GlobalSection(SolutionConfigurationPlatforms) = preSolution
		Debug|Any CPU = Debug|Any CPU
		Release|Any CPU = Release|Any CPU
	EndGlobalSection
	GlobalSection(ProjectConfigurationPlatforms) = postSolution
		{3586A56C-3701-FD41-A0FF-BA373FA6AFF3}.Debug|Any CPU.ActiveCfg = Debug|Any CPU
		{3586A56C-3701-FD41-A0FF-BA373FA6AFF3}.Debug|Any CPU.Build.0 = Debug|Any CPU
		{3586A56C-3701-FD41-A0FF-BA373FA6AFF3}.Release|Any CPU.ActiveCfg = Release|Any CPU
		{3586A56C-3701-FD41-A0FF-BA373FA6AFF3}.Release|Any CPU.Build.0 = Release|Any CPU
		{1BDF818B-DB8E-1030-C3A6-1316926BAE96}.Debug|Any CPU.ActiveCfg = Debug|Any CPU
		{1BDF818B-DB8E-1030-C3A6-1316926BAE96}.Debug|Any CPU.Build.0 = Debug|Any CPU
		{1BDF818B-DB8E-1030-C3A6-1316926BAE96}.Release|Any CPU.ActiveCfg = Release|Any CPU
		{1BDF818B-DB8E-1030-C3A6-1316926BAE96}.Release|Any CPU.Build.0 = Release|Any CPU
		{0C137C72-7ACB-680E-7685-BD386537F06A}.Debug|Any CPU.ActiveCfg = Debug|Any CPU
		{0C137C72-7ACB-680E-7685-BD386537F06A}.Debug|Any CPU.Build.0 = Debug|Any CPU
		{0C137C72-7ACB-680E-7685-BD386537F06A}.Release|Any CPU.ActiveCfg = Release|Any CPU
		{0C137C72-7ACB-680E-7685-BD386537F06A}.Release|Any CPU.Build.0 = Release|Any CPU
		{74228995-E150-8DF0-3434-172C95C6EC84}.Debug|Any CPU.ActiveCfg = Debug|Any CPU
		{74228995-E150-8DF0-3434-172C95C6EC84}.Debug|Any CPU.Build.0 = Debug|Any CPU
		{74228995-E150-8DF0-3434-172C95C6EC84}.Release|Any CPU.ActiveCfg = Release|Any CPU
		{74228995-E150-8DF0-3434-172C95C6EC84}.Release|Any CPU.Build.0 = Release|Any CPU
		{8A4277AA-209D-E30C-4943-D382699A1844}.Debug|Any CPU.ActiveCfg = Debug|Any CPU
		{8A4277AA-209D-E30C-4943-D382699A1844}.Debug|Any CPU.Build.0 = Debug|Any CPU
		{8A4277AA-209D-E30C-4943-D382699A1844}.Release|Any CPU.ActiveCfg = Release|Any CPU
		{8A4277AA-209D-E30C-4943-D382699A1844}.Release|Any CPU.Build.0 = Release|Any CPU
	EndGlobalSection
	GlobalSection(SolutionProperties) = preSolution
		HideSolutionNode = FALSE
	EndGlobalSection
EndGlobal
